
Microsoft Visual Studio Solution File, Format Version 12.00
# Visual Studio Version 17
VisualStudioVersion = 17.8.34511.84
MinimumVisualStudioVersion = 10.0.40219.1
Project("{9A19103F-16F7-4668-BE54-9A1E7A4F7556}") = "Mir 4 Launcher", "Mir 4 Launcher.csproj", "{1435AB72-9E12-43B4-98B7-7B41E564E579}"
EndProject
Global
	GlobalSection(SolutionConfigurationPlatforms) = preSolution
		Debug|Any CPU = Debug|Any CPU
		Release|Any CPU = Release|Any CPU
	EndGlobalSection
	GlobalSection(ProjectConfigurationPlatforms) = postSolution
		{1435AB72-9E12-43B4-98B7-7B41E564E579}.Debug|Any CPU.ActiveCfg = Debug|Any CPU
		{1435AB72-9E12-43B4-98B7-7B41E564E579}.Debug|Any CPU.Build.0 = Debug|Any CPU
		{1435AB72-9E12-43B4-98B7-7B41E564E579}.Release|Any CPU.ActiveCfg = Release|Any CPU
		{1435AB72-9E12-43B4-98B7-7B41E564E579}.Release|Any CPU.Build.0 = Release|Any CPU
	EndGlobalSection
	GlobalSection(SolutionProperties) = preSolution
		HideSolutionNode = FALSE
	EndGlobalSection
	GlobalSection(ExtensibilityGlobals) = postSolution
		SolutionGuid = {89866578-44B4-41E4-882A-80C5451B27F8}
	EndGlobalSection
EndGlobal
