
Microsoft Visual Studio Solution File, Format Version 12.00
# Visual Studio Version 17
VisualStudioVersion = 17.8.34511.84
MinimumVisualStudioVersion = 10.0.40219.1
Project("{FAE04EC0-301F-11D3-BF4B-00C04F79EFBC}") = "Mir 4 Client Editor", "Mir 4 Client Editor.csproj", "{497C4707-A138-43F2-8469-9DA1DB9C3693}"
EndProject
Global
	GlobalSection(SolutionConfigurationPlatforms) = preSolution
		Debug|Any CPU = Debug|Any CPU
		Release|Any CPU = Release|Any CPU
	EndGlobalSection
	GlobalSection(ProjectConfigurationPlatforms) = postSolution
		{497C4707-A138-43F2-8469-9DA1DB9C3693}.Debug|Any CPU.ActiveCfg = Debug|Any CPU
		{497C4707-A138-43F2-8469-9DA1DB9C3693}.Debug|Any CPU.Build.0 = Debug|Any CPU
		{497C4707-A138-43F2-8469-9DA1DB9C3693}.Release|Any CPU.ActiveCfg = Release|Any CPU
		{497C4707-A138-43F2-8469-9DA1DB9C3693}.Release|Any CPU.Build.0 = Release|Any CPU
	EndGlobalSection
	GlobalSection(SolutionProperties) = preSolution
		HideSolutionNode = FALSE
	EndGlobalSection
	GlobalSection(ExtensibilityGlobals) = postSolution
		SolutionGuid = {375666C5-724C-488F-9DE7-C6E212A77949}
	EndGlobalSection
EndGlobal
